
Microsoft Visual Studio Solution File, Format Version 9.00
# Visual Studio 2005
Project("{FAE04EC0-301F-11D3-BF4B-00C04F79EFBC}") = "Lab4", "Lab4\Lab4.csproj", "{F2D012E9-9542-4019-BFC1-55E9E2325755}"
EndProject
Global
	GlobalSection(SolutionConfigurationPlatforms) = preSolution
		Debug|Any CPU = Debug|Any CPU
		Release|Any CPU = Release|Any CPU
	EndGlobalSection
	GlobalSection(ProjectConfigurationPlatforms) = postSolution
		{F2D012E9-9542-4019-BFC1-55E9E2325755}.Debug|Any CPU.ActiveCfg = Debug|Any CPU
		{F2D012E9-9542-4019-BFC1-55E9E2325755}.Debug|Any CPU.Build.0 = Debug|Any CPU
		{F2D012E9-9542-4019-BFC1-55E9E2325755}.Release|Any CPU.ActiveCfg = Release|Any CPU
		{F2D012E9-9542-4019-BFC1-55E9E2325755}.Release|Any CPU.Build.0 = Release|Any CPU
	EndGlobalSection
	GlobalSection(SolutionProperties) = preSolution
		HideSolutionNode = FALSE
	EndGlobalSection
EndGlobal
